// !$*UTF8*$!
{
	archiveVersion = 1;
	classes = {
	};
	objectVersion = 56;
	objects = {

/* Begin PBXBuildFile section */
		8B2D24442C3B949B0046EACA /* autoScrollHeaderApp.swift in Sources */ = {isa = PBXBuildFile; fileRef = 8B2D24432C3B949B0046EACA /* autoScrollHeaderApp.swift */; };
		8B2D24482C3B949E0046EACA /* Assets.xcassets in Resources */ = {isa = PBXBuildFile; fileRef = 8B2D24472C3B949E0046EACA /* Assets.xcassets */; };
		8B2D244B2C3B949E0046EACA /* Preview Assets.xcassets in Resources */ = {isa = PBXBuildFile; fileRef = 8B2D244A2C3B949E0046EACA /* Preview Assets.xcassets */; };
		8B2D24522C3B94DC0046EACA /* AutoScrollHeaderView.swift in Sources */ = {isa = PBXBuildFile; fileRef = 8B2D24512C3B94DC0046EACA /* AutoScrollHeaderView.swift */; };
		8B2D24542C3B94EB0046EACA /* AutoScrollHeader.swift in Sources */ = {isa = PBXBuildFile; fileRef = 8B2D24532C3B94EB0046EACA /* AutoScrollHeader.swift */; };
		8B2D24562C3B950B0046EACA /* AnimationCompletionObserverModifier.swift in Sources */ = {isa = PBXBuildFile; fileRef = 8B2D24552C3B950B0046EACA /* AnimationCompletionObserverModifier.swift */; };
		8B2D24582C3B95180046EACA /* ViewExtension.swift in Sources */ = {isa = PBXBuildFile; fileRef = 8B2D24572C3B95180046EACA /* ViewExtension.swift */; };
/* End PBXBuildFile section */

/* Begin PBXFileReference section */
		8B2D24402C3B949B0046EACA /* autoScrollHeader.app */ = {isa = PBXFileReference; explicitFileType = wrapper.application; includeInIndex = 0; path = autoScrollHeader.app; sourceTree = BUILT_PRODUCTS_DIR; };
		8B2D24432C3B949B0046EACA /* autoScrollHeaderApp.swift */ = {isa = PBXFileReference; lastKnownFileType = sourcecode.swift; path = autoScrollHeaderApp.swift; sourceTree = "<group>"; };
		8B2D24472C3B949E0046EACA /* Assets.xcassets */ = {isa = PBXFileReference; lastKnownFileType = folder.assetcatalog; path = Assets.xcassets; sourceTree = "<group>"; };
		8B2D244A2C3B949E0046EACA /* Preview Assets.xcassets */ = {isa = PBXFileReference; lastKnownFileType = folder.assetcatalog; path = "Preview Assets.xcassets"; sourceTree = "<group>"; };
		8B2D24512C3B94DC0046EACA /* AutoScrollHeaderView.swift */ = {isa = PBXFileReference; lastKnownFileType = sourcecode.swift; path = AutoScrollHeaderView.swift; sourceTree = "<group>"; };
		8B2D24532C3B94EB0046EACA /* AutoScrollHeader.swift */ = {isa = PBXFileReference; lastKnownFileType = sourcecode.swift; path = AutoScrollHeader.swift; sourceTree = "<group>"; };
		8B2D24552C3B950B0046EACA /* AnimationCompletionObserverModifier.swift */ = {isa = PBXFileReference; lastKnownFileType = sourcecode.swift; path = AnimationCompletionObserverModifier.swift; sourceTree = "<group>"; };
		8B2D24572C3B95180046EACA /* ViewExtension.swift */ = {isa = PBXFileReference; lastKnownFileType = sourcecode.swift; path = ViewExtension.swift; sourceTree = "<group>"; };
/* End PBXFileReference section */

/* Begin PBXFrameworksBuildPhase section */
		8B2D243D2C3B949B0046EACA /* Frameworks */ = {
			isa = PBXFrameworksBuildPhase;
			buildActionMask = 2147483647;
			files = (
			);
			runOnlyForDeploymentPostprocessing = 0;
		};
/* End PBXFrameworksBuildPhase section */

/* Begin PBXGroup section */
		8B2D24372C3B949B0046EACA = {
			isa = PBXGroup;
			children = (
				8B2D24422C3B949B0046EACA /* autoScrollHeader */,
				8B2D24412C3B949B0046EACA /* Products */,
			);
			sourceTree = "<group>";
		};
		8B2D24412C3B949B0046EACA /* Products */ = {
			isa = PBXGroup;
			children = (
				8B2D24402C3B949B0046EACA /* autoScrollHeader.app */,
			);
			name = Products;
			sourceTree = "<group>";
		};
		8B2D24422C3B949B0046EACA /* autoScrollHeader */ = {
			isa = PBXGroup;
			children = (
				8B2D24432C3B949B0046EACA /* autoScrollHeaderApp.swift */,
				8B2D24532C3B94EB0046EACA /* AutoScrollHeader.swift */,
				8B2D24512C3B94DC0046EACA /* AutoScrollHeaderView.swift */,
				8B2D24552C3B950B0046EACA /* AnimationCompletionObserverModifier.swift */,
				8B2D24572C3B95180046EACA /* ViewExtension.swift */,
				8B2D24472C3B949E0046EACA /* Assets.xcassets */,
				8B2D24492C3B949E0046EACA /* Preview Content */,
			);
			path = autoScrollHeader;
			sourceTree = "<group>";
		};
		8B2D24492C3B949E0046EACA /* Preview Content */ = {
			isa = PBXGroup;
			children = (
				8B2D244A2C3B949E0046EACA /* Preview Assets.xcassets */,
			);
			path = "Preview Content";
			sourceTree = "<group>";
		};
/* End PBXGroup section */

/* Begin PBXNativeTarget section */
		8B2D243F2C3B949B0046EACA /* autoScrollHeader */ = {
			isa = PBXNativeTarget;
			buildConfigurationList = 8B2D244E2C3B949E0046EACA /* Build configuration list for PBXNativeTarget "autoScrollHeader" */;
			buildPhases = (
				8B2D243C2C3B949B0046EACA /* Sources */,
				8B2D243D2C3B949B0046EACA /* Frameworks */,
				8B2D243E2C3B949B0046EACA /* Resources */,
			);
			buildRules = (
			);
			dependencies = (
			);
			name = autoScrollHeader;
			productName = autoScrollHeader;
			productReference = 8B2D24402C3B949B0046EACA /* autoScrollHeader.app */;
			productType = "com.apple.product-type.application";
		};
/* End PBXNativeTarget section */

/* Begin PBXProject section */
		8B2D24382C3B949B0046EACA /* Project object */ = {
			isa = PBXProject;
			attributes = {
				BuildIndependentTargetsInParallel = 1;
				LastSwiftUpdateCheck = 1540;
				LastUpgradeCheck = 1540;
				TargetAttributes = {
					8B2D243F2C3B949B0046EACA = {
						CreatedOnToolsVersion = 15.4;
					};
				};
			};
			buildConfigurationList = 8B2D243B2C3B949B0046EACA /* Build configuration list for PBXProject "autoScrollHeader" */;
			compatibilityVersion = "Xcode 14.0";
			developmentRegion = en;
			hasScannedForEncodings = 0;
			knownRegions = (
				en,
				Base,
			);
			mainGroup = 8B2D24372C3B949B0046EACA;
			productRefGroup = 8B2D24412C3B949B0046EACA /* Products */;
			projectDirPath = "";
			projectRoot = "";
			targets = (
				8B2D243F2C3B949B0046EACA /* autoScrollHeader */,
			);
		};
/* End PBXProject section */

/* Begin PBXResourcesBuildPhase section */
		8B2D243E2C3B949B0046EACA /* Resources */ = {
			isa = PBXResourcesBuildPhase;
			buildActionMask = 2147483647;
			files = (
				8B2D244B2C3B949E0046EACA /* Preview Assets.xcassets in Resources */,
				8B2D24482C3B949E0046EACA /* Assets.xcassets in Resources */,
			);
			runOnlyForDeploymentPostprocessing = 0;
		};
/* End PBXResourcesBuildPhase section */

/* Begin PBXSourcesBuildPhase section */
		8B2D243C2C3B949B0046EACA /* Sources */ = {
			isa = PBXSourcesBuildPhase;
			buildActionMask = 2147483647;
			files = (
				8B2D24522C3B94DC0046EACA /* AutoScrollHeaderView.swift in Sources */,
				8B2D24562C3B950B0046EACA /* AnimationCompletionObserverModifier.swift in Sources */,
				8B2D24542C3B94EB0046EACA /* AutoScrollHeader.swift in Sources */,
				8B2D24442C3B949B0046EACA /* autoScrollHeaderApp.swift in Sources */,
				8B2D24582C3B95180046EACA /* ViewExtension.swift in Sources */,
			);
			runOnlyForDeploymentPostprocessing = 0;
		};
/* End PBXSourcesBuildPhase section */

/* Begin XCBuildConfiguration section */
		8B2D244C2C3B949E0046EACA /* Debug */ = {
			isa = XCBuildConfiguration;
			buildSettings = {
				ALWAYS_SEARCH_USER_PATHS = NO;
				ASSETCATALOG_COMPILER_GENERATE_SWIFT_ASSET_SYMBOL_EXTENSIONS = YES;
				CLANG_ANALYZER_NONNULL = YES;
				CLANG_ANALYZER_NUMBER_OBJECT_CONVERSION = YES_AGGRESSIVE;
				CLANG_CXX_LANGUAGE_STANDARD = "gnu++20";
				CLANG_ENABLE_MODULES = YES;
				CLANG_ENABLE_OBJC_ARC = YES;
				CLANG_ENABLE_OBJC_WEAK = YES;
				CLANG_WARN_BLOCK_CAPTURE_AUTORELEASING = YES;
				CLANG_WARN_BOOL_CONVERSION = YES;
				CLANG_WARN_COMMA = YES;
				CLANG_WARN_CONSTANT_CONVERSION = YES;
				CLANG_WARN_DEPRECATED_OBJC_IMPLEMENTATIONS = YES;
				CLANG_WARN_DIRECT_OBJC_ISA_USAGE = YES_ERROR;
				CLANG_WARN_DOCUMENTATION_COMMENTS = YES;
				CLANG_WARN_EMPTY_BODY = YES;
				CLANG_WARN_ENUM_CONVERSION = YES;
				CLANG_WARN_INFINITE_RECURSION = YES;
				CLANG_WARN_INT_CONVERSION = YES;
				CLANG_WARN_NON_LITERAL_NULL_CONVERSION = YES;
				CLANG_WARN_OBJC_IMPLICIT_RETAIN_SELF = YES;
				CLANG_WARN_OBJC_LITERAL_CONVERSION = YES;
				CLANG_WARN_OBJC_ROOT_CLASS = YES_ERROR;
				CLANG_WARN_QUOTED_INCLUDE_IN_FRAMEWORK_HEADER = YES;
				CLANG_WARN_RANGE_LOOP_ANALYSIS = YES;
				CLANG_WARN_STRICT_PROTOTYPES = YES;
				CLANG_WARN_SUSPICIOUS_MOVE = YES;
				CLANG_WARN_UNGUARDED_AVAILABILITY = YES_AGGRESSIVE;
				CLANG_WARN_UNREACHABLE_CODE = YES;
				CLANG_WARN__DUPLICATE_METHOD_MATCH = YES;
				COPY_PHASE_STRIP = NO;
				DEBUG_INFORMATION_FORMAT = dwarf;
				ENABLE_STRICT_OBJC_MSGSEND = YES;
				ENABLE_TESTABILITY = YES;
				ENABLE_USER_SCRIPT_SANDBOXING = YES;
				GCC_C_LANGUAGE_STANDARD = gnu17;
				GCC_DYNAMIC_NO_PIC = NO;
				GCC_NO_COMMON_BLOCKS = YES;
				GCC_OPTIMIZATION_LEVEL = 0;
				GCC_PREPROCESSOR_DEFINITIONS = (
					"DEBUG=1",
					"$(inherited)",
				);
				GCC_WARN_64_TO_32_BIT_CONVERSION = YES;
				GCC_WARN_ABOUT_RETURN_TYPE = YES_ERROR;
				GCC_WARN_UNDECLARED_SELECTOR = YES;
				GCC_WARN_UNINITIALIZED_AUTOS = YES_AGGRESSIVE;
				GCC_WARN_UNUSED_FUNCTION = YES;
				GCC_WARN_UNUSED_VARIABLE = YES;
				IPHONEOS_DEPLOYMENT_TARGET = 17.5;
				LOCALIZATION_PREFERS_STRING_CATALOGS = YES;
				MTL_ENABLE_DEBUG_INFO = INCLUDE_SOURCE;
				MTL_FAST_MATH = YES;
				ONLY_ACTIVE_ARCH = YES;
				SDKROOT = iphoneos;
				SWIFT_ACTIVE_COMPILATION_CONDITIONS = "DEBUG $(inherited)";
				SWIFT_OPTIMIZATION_LEVEL = "-Onone";
			};
			name = Debug;
		};
		8B2D244D2C3B949E0046EACA /* Release */ = {
			isa = XCBuildConfiguration;
			buildSettings = {
				ALWAYS_SEARCH_USER_PATHS = NO;
				ASSETCATALOG_COMPILER_GENERATE_SWIFT_ASSET_SYMBOL_EXTENSIONS = YES;
				CLANG_ANALYZER_NONNULL = YES;
				CLANG_ANALYZER_NUMBER_OBJECT_CONVERSION = YES_AGGRESSIVE;
				CLANG_CXX_LANGUAGE_STANDARD = "gnu++20";
				CLANG_ENABLE_MODULES = YES;
				CLANG_ENABLE_OBJC_ARC = YES;
				CLANG_ENABLE_OBJC_WEAK = YES;
				CLANG_WARN_BLOCK_CAPTURE_AUTORELEASING = YES;
				CLANG_WARN_BOOL_CONVERSION = YES;
				CLANG_WARN_COMMA = YES;
				CLANG_WARN_CONSTANT_CONVERSION = YES;
				CLANG_WARN_DEPRECATED_OBJC_IMPLEMENTATIONS = YES;
				CLANG_WARN_DIRECT_OBJC_ISA_USAGE = YES_ERROR;
				CLANG_WARN_DOCUMENTATION_COMMENTS = YES;
				CLANG_WARN_EMPTY_BODY = YES;
				CLANG_WARN_ENUM_CONVERSION = YES;
				CLANG_WARN_INFINITE_RECURSION = YES;
				CLANG_WARN_INT_CONVERSION = YES;
				CLANG_WARN_NON_LITERAL_NULL_CONVERSION = YES;
				CLANG_WARN_OBJC_IMPLICIT_RETAIN_SELF = YES;
				CLANG_WARN_OBJC_LITERAL_CONVERSION = YES;
				CLANG_WARN_OBJC_ROOT_CLASS = YES_ERROR;
				CLANG_WARN_QUOTED_INCLUDE_IN_FRAMEWORK_HEADER = YES;
				CLANG_WARN_RANGE_LOOP_ANALYSIS = YES;
				CLANG_WARN_STRICT_PROTOTYPES = YES;
				CLANG_WARN_SUSPICIOUS_MOVE = YES;
				CLANG_WARN_UNGUARDED_AVAILABILITY = YES_AGGRESSIVE;
				CLANG_WARN_UNREACHABLE_CODE = YES;
				CLANG_WARN__DUPLICATE_METHOD_MATCH = YES;
				COPY_PHASE_STRIP = NO;
				DEBUG_INFORMATION_FORMAT = "dwarf-with-dsym";
				ENABLE_NS_ASSERTIONS = NO;
				ENABLE_STRICT_OBJC_MSGSEND = YES;
				ENABLE_USER_SCRIPT_SANDBOXING = YES;
				GCC_C_LANGUAGE_STANDARD = gnu17;
				GCC_NO_COMMON_BLOCKS = YES;
				GCC_WARN_64_TO_32_BIT_CONVERSION = YES;
				GCC_WARN_ABOUT_RETURN_TYPE = YES_ERROR;
				GCC_WARN_UNDECLARED_SELECTOR = YES;
				GCC_WARN_UNINITIALIZED_AUTOS = YES_AGGRESSIVE;
				GCC_WARN_UNUSED_FUNCTION = YES;
				GCC_WARN_UNUSED_VARIABLE = YES;
				IPHONEOS_DEPLOYMENT_TARGET = 17.5;
				LOCALIZATION_PREFERS_STRING_CATALOGS = YES;
				MTL_ENABLE_DEBUG_INFO = NO;
				MTL_FAST_MATH = YES;
				SDKROOT = iphoneos;
				SWIFT_COMPILATION_MODE = wholemodule;
				VALIDATE_PRODUCT = YES;
			};
			name = Release;
		};
		8B2D244F2C3B949E0046EACA /* Debug */ = {
			isa = XCBuildConfiguration;
			buildSettings = {
				ASSETCATALOG_COMPILER_APPICON_NAME = AppIcon;
				ASSETCATALOG_COMPILER_GLOBAL_ACCENT_COLOR_NAME = AccentColor;
				CODE_SIGN_STYLE = Automatic;
				CURRENT_PROJECT_VERSION = 1;
				DEVELOPMENT_ASSET_PATHS = "\"autoScrollHeader/Preview Content\"";
				DEVELOPMENT_TEAM = JZNPKB7CRS;
				ENABLE_PREVIEWS = YES;
				GENERATE_INFOPLIST_FILE = YES;
				INFOPLIST_KEY_UIApplicationSceneManifest_Generation = YES;
				INFOPLIST_KEY_UIApplicationSupportsIndirectInputEvents = YES;
				INFOPLIST_KEY_UILaunchScreen_Generation = YES;
				INFOPLIST_KEY_UISupportedInterfaceOrientations_iPad = "UIInterfaceOrientationPortrait UIInterfaceOrientationPortraitUpsideDown UIInterfaceOrientationLandscapeLeft UIInterfaceOrientationLandscapeRight";
				INFOPLIST_KEY_UISupportedInterfaceOrientations_iPhone = "UIInterfaceOrientationPortrait UIInterfaceOrientationLandscapeLeft UIInterfaceOrientationLandscapeRight";
				LD_RUNPATH_SEARCH_PATHS = (
					"$(inherited)",
					"@executable_path/Frameworks",
				);
				MARKETING_VERSION = 1.0;
				PRODUCT_BUNDLE_IDENTIFIER = com.candidohdiego.autoScrollHeader;
				PRODUCT_NAME = "$(TARGET_NAME)";
				SWIFT_EMIT_LOC_STRINGS = YES;
				SWIFT_VERSION = 5.0;
				TARGETED_DEVICE_FAMILY = "1,2";
			};
			name = Debug;
		};
		8B2D24502C3B949E0046EACA /* Release */ = {
			isa = XCBuildConfiguration;
			buildSettings = {
				ASSETCATALOG_COMPILER_APPICON_NAME = AppIcon;
				ASSETCATALOG_COMPILER_GLOBAL_ACCENT_COLOR_NAME = AccentColor;
				CODE_SIGN_STYLE = Automatic;
				CURRENT_PROJECT_VERSION = 1;
				DEVELOPMENT_ASSET_PATHS = "\"autoScrollHeader/Preview Content\"";
				DEVELOPMENT_TEAM = JZNPKB7CRS;
				ENABLE_PREVIEWS = YES;
				GENERATE_INFOPLIST_FILE = YES;
				INFOPLIST_KEY_UIApplicationSceneManifest_Generation = YES;
				INFOPLIST_KEY_UIApplicationSupportsIndirectInputEvents = YES;
				INFOPLIST_KEY_UILaunchScreen_Generation = YES;
				INFOPLIST_KEY_UISupportedInterfaceOrientations_iPad = "UIInterfaceOrientationPortrait UIInterfaceOrientationPortraitUpsideDown UIInterfaceOrientationLandscapeLeft UIInterfaceOrientationLandscapeRight";
				INFOPLIST_KEY_UISupportedInterfaceOrientations_iPhone = "UIInterfaceOrientationPortrait UIInterfaceOrientationLandscapeLeft UIInterfaceOrientationLandscapeRight";
				LD_RUNPATH_SEARCH_PATHS = (
					"$(inherited)",
					"@executable_path/Frameworks",
				);
				MARKETING_VERSION = 1.0;
				PRODUCT_BUNDLE_IDENTIFIER = com.candidohdiego.autoScrollHeader;
				PRODUCT_NAME = "$(TARGET_NAME)";
				SWIFT_EMIT_LOC_STRINGS = YES;
				SWIFT_VERSION = 5.0;
				TARGETED_DEVICE_FAMILY = "1,2";
			};
			name = Release;
		};
/* End XCBuildConfiguration section */

/* Begin XCConfigurationList section */
		8B2D243B2C3B949B0046EACA /* Build configuration list for PBXProject "autoScrollHeader" */ = {
			isa = XCConfigurationList;
			buildConfigurations = (
				8B2D244C2C3B949E0046EACA /* Debug */,
				8B2D244D2C3B949E0046EACA /* Release */,
			);
			defaultConfigurationIsVisible = 0;
			defaultConfigurationName = Release;
		};
		8B2D244E2C3B949E0046EACA /* Build configuration list for PBXNativeTarget "autoScrollHeader" */ = {
			isa = XCConfigurationList;
			buildConfigurations = (
				8B2D244F2C3B949E0046EACA /* Debug */,
				8B2D24502C3B949E0046EACA /* Release */,
			);
			defaultConfigurationIsVisible = 0;
			defaultConfigurationName = Release;
		};
/* End XCConfigurationList section */
	};
	rootObject = 8B2D24382C3B949B0046EACA /* Project object */;
}
